# This file is automatically @generated by Poetry 1.7.1 and should not be changed by hand.

[[package]]
name = "colorama"
version = "0.4.6"
description = "Cross-platform colored terminal text."
optional = false
python-versions = "!=3.0.*,!=3.1.*,!=3.2.*,!=3.3.*,!=3.4.*,!=3.5.*,!=3.6.*,>=2.7"
files = [
    {file = "colorama-0.4.6-py2.py3-none-any.whl", hash = "sha256:4f1d9991f5acc0ca119f9d443620b77f9d6b33703e51011c16baf57afb285fc6"},
    {file = "colorama-0.4.6.tar.gz", hash = "sha256:08695f5cb7ed6e0531a20572697297273c47b8cae5a63ffc6d6ed5c201be6e44"},
]

[[package]]
name = "frozendict"
version = "2.4.0"
description = "A simple immutable dictionary"
optional = false
python-versions = ">=3.6"
files = [
    {file = "frozendict-2.4.0-cp310-cp310-macosx_10_9_x86_64.whl", hash = "sha256:475c65202a6f5421df8cacb8a2f29c5087134a0542b0540ae95fbf4db7af2ff9"},
    {file = "frozendict-2.4.0-cp310-cp310-macosx_11_0_arm64.whl", hash = "sha256:2607e82efdd2c277224a58bda3994d4cd48e49eff7fa31e404cf3066e8dbfeae"},
    {file = "frozendict-2.4.0-cp310-cp310-manylinux_2_17_aarch64.manylinux2014_aarch64.whl", hash = "sha256:2fd4583194baabe100c135883017da76259a315d34e303eddf198541b7e02e44"},
    {file = "frozendict-2.4.0-cp310-cp310-manylinux_2_17_x86_64.manylinux2014_x86_64.whl", hash = "sha256:efca7281184b54f7abab6980cf25837b709f72ced62791f62dabcd7b184d958a"},
    {file = "frozendict-2.4.0-cp310-cp310-musllinux_1_1_aarch64.whl", hash = "sha256:9fc4cba1ced988ce9020dfcaae6fe3f5521eebc00c5772b511aaf691b0be91e6"},
    {file = "frozendict-2.4.0-cp310-cp310-musllinux_1_1_x86_64.whl", hash = "sha256:8fab616e7c0fea2ac928f107c740bd9ba516fc083adfcd1c391d6bfc9164403d"},
    {file = "frozendict-2.4.0-cp310-cp310-win_amd64.whl", hash = "sha256:09ba8ee37d260adde311b8eb4cd12bf27f64071242f736757ae6a11d331eb860"},
    {file = "frozendict-2.4.0-cp310-cp310-win_arm64.whl", hash = "sha256:0615ed71570eec3cc96df063930ea6e563211efeeac86e3f3cc8bdfc9c9bfab7"},
    {file = "frozendict-2.4.0-cp36-cp36m-macosx_10_9_x86_64.whl", hash = "sha256:cc754117a7d60ba8e55b3c39abd67f37fbc05dd63cdcb03d1717a382fe0a3421"},
    {file = "frozendict-2.4.0-cp36-cp36m-manylinux_2_17_aarch64.manylinux2014_aarch64.whl", hash = "sha256:2804ea4bd2179bb33b99483cc8d69246630cc00632b9affe2914e8666f1cc7e5"},
    {file = "frozendict-2.4.0-cp36-cp36m-manylinux_2_17_x86_64.manylinux2014_x86_64.whl", hash = "sha256:bd4700c3f0aebdc8f4375c35590135794b1dbf2aca132f4756b584fa9910af2d"},
    {file = "frozendict-2.4.0-cp36-cp36m-musllinux_1_1_aarch64.whl", hash = "sha256:da4406d95c340e0b1cc43a3858fac729f52689325bcf61a9182eb94aff7451dc"},
    {file = "frozendict-2.4.0-cp36-cp36m-musllinux_1_1_x86_64.whl", hash = "sha256:1875e7b70a5724bf964354da8fd542240d2cead0d80053ac96bf4494ce3517fa"},
    {file = "frozendict-2.4.0-cp36-cp36m-win_amd64.whl", hash = "sha256:a60f353496637ca21396289a7d969af1eb4ec4d11a7c37a0e7f25fc1761a0c97"},
    {file = "frozendict-2.4.0-cp37-cp37m-macosx_10_9_x86_64.whl", hash = "sha256:b666f9c6c8a9e794d2713a944b10a65480ff459579d75b5f686c75031c2c2dfc"},
    {file = "frozendict-2.4.0-cp37-cp37m-manylinux_2_17_aarch64.manylinux2014_aarch64.whl", hash = "sha256:f9d81fb396ea81fcba3b3dde4a4b51adcb74ff31632014fbfd030f8acd5a7292"},
    {file = "frozendict-2.4.0-cp37-cp37m-manylinux_2_17_x86_64.manylinux2014_x86_64.whl", hash = "sha256:4925c8e82d2bd23d45996cd0827668a52b9c51103897c98ce409a763d0c00c61"},
    {file = "frozendict-2.4.0-cp37-cp37m-musllinux_1_1_aarch64.whl", hash = "sha256:aa86325da6a6071284b4ed3d9d2cd9db068560aebad503b658d6a889a0575683"},
    {file = "frozendict-2.4.0-cp37-cp37m-musllinux_1_1_x86_64.whl", hash = "sha256:5bb5b62d4e2bce12e91800496d94de41bec8f16e4d8a7b16e8f263676ae2031a"},
    {file = "frozendict-2.4.0-cp37-cp37m-win_amd64.whl", hash = "sha256:3909df909516cfd7bcefd9a3003948970a12a50c5648d8bbddafcef171f2117f"},
    {file = "frozendict-2.4.0-cp38-cp38-macosx_10_9_x86_64.whl", hash = "sha256:204f2c5c10fc018d1ba8ccc67758aa83fe769c782547bd26dc250317a7ccba71"},
    {file = "frozendict-2.4.0-cp38-cp38-macosx_11_0_arm64.whl", hash = "sha256:d8d1d269874c94b1ed2b6667e5e43dcf4541838019b1caa4c48f848ac73634df"},
    {file = "frozendict-2.4.0-cp38-cp38-manylinux_2_17_aarch64.manylinux2014_aarch64.whl", hash = "sha256:809f1cffb602cf06e5186c69c0e3b74bec7a3684593145331f9aa2a65b5ba3b7"},
    {file = "frozendict-2.4.0-cp38-cp38-manylinux_2_17_x86_64.manylinux2014_x86_64.whl", hash = "sha256:b017cba5f73869b04c2977139ad08e57a7480de1e384c34193939698119baa1d"},
    {file = "frozendict-2.4.0-cp38-cp38-musllinux_1_1_aarch64.whl", hash = "sha256:0b75e5e231621dedaef88334997e79fbd137dd89895543d3862fe0220fc3572c"},
    {file = "frozendict-2.4.0-cp38-cp38-musllinux_1_1_x86_64.whl", hash = "sha256:df3819a5d48ab3aae1548e62093d0111ad7c3b62ff9392421b7bbf149c08b629"},
    {file = "frozendict-2.4.0-cp38-cp38-win_amd64.whl", hash = "sha256:42a9b33ccf9d417b22146e59803c53d5c39d7d9151d2df8df59c235f6a1a5ed7"},
    {file = "frozendict-2.4.0-cp39-cp39-macosx_10_9_x86_64.whl", hash = "sha256:a3f51bfa64e0c4a6608e3f2878bab1211a6b3b197de6fa57151bbe73f1184457"},
    {file = "frozendict-2.4.0-cp39-cp39-macosx_11_0_arm64.whl", hash = "sha256:a1d232f092dc686e6ef23d436bde30f82c018f31cef1b89b31caef03814b1617"},
    {file = "frozendict-2.4.0-cp39-cp39-manylinux_2_17_aarch64.manylinux2014_aarch64.whl", hash = "sha256:9e530658134e88607ff8c2c8934a07b2bb5e9fffab5045f127746f6542c6c77e"},
    {file = "frozendict-2.4.0-cp39-cp39-manylinux_2_17_x86_64.manylinux2014_x86_64.whl", hash = "sha256:23a52bbea30c9e35b89291273944393770fb031e522a172e3aff19b62cc50047"},
    {file = "frozendict-2.4.0-cp39-cp39-musllinux_1_1_aarch64.whl", hash = "sha256:f91acaff475d0ef0d3436b805c9b91fc627a6a8a281771a24f7ab7f458a0b34f"},
    {file = "frozendict-2.4.0-cp39-cp39-musllinux_1_1_x86_64.whl", hash = "sha256:08d9c7c1aa92b94538b3a79c43999f999012e174588435f197794d5e5a80e0f5"},
    {file = "frozendict-2.4.0-cp39-cp39-win_amd64.whl", hash = "sha256:05c5a77957ecba4286c7ab33861a8f4f2badc7ea86fc82b834fb360d3aa4c108"},
    {file = "frozendict-2.4.0-cp39-cp39-win_arm64.whl", hash = "sha256:c8af8a6a39e0050d3f3193cda56c42b43534a9b3995c44241bb9527e3c3fd451"},
    {file = "frozendict-2.4.0.tar.gz", hash = "sha256:c26758198e403337933a92b01f417a8240c954f553e1d4b5e0f8e39d9c8e3f0a"},
]

[[package]]
name = "iniconfig"
version = "2.0.0"
description = "brain-dead simple config-ini parsing"
optional = false
python-versions = ">=3.7"
files = [
    {file = "iniconfig-2.0.0-py3-none-any.whl", hash = "sha256:b6a85871a79d2e3b22d2d1b94ac2824226a63c6b741c88f7ae975f18b6778374"},
    {file = "iniconfig-2.0.0.tar.gz", hash = "sha256:2d91e135bf72d31a410b17c16da610a82cb55f6b0477d1a902134b24a455b8b3"},
]

[[package]]
name = "packaging"
version = "24.0"
description = "Core utilities for Python packages"
optional = false
python-versions = ">=3.7"
files = [
    {file = "packaging-24.0-py3-none-any.whl", hash = "sha256:2ddfb553fdf02fb784c234c7ba6ccc288296ceabec964ad2eae3777778130bc5"},
    {file = "packaging-24.0.tar.gz", hash = "sha256:eb82c5e3e56209074766e6885bb04b8c38a0c015d0a30036ebe7ece34c9989e9"},
]

[[package]]
name = "pluggy"
version = "1.4.0"
description = "plugin and hook calling mechanisms for python"
optional = false
python-versions = ">=3.8"
files = [
    {file = "pluggy-1.4.0-py3-none-any.whl", hash = "sha256:7db9f7b503d67d1c5b95f59773ebb58a8c1c288129a88665838012cfb07b8981"},
    {file = "pluggy-1.4.0.tar.gz", hash = "sha256:8c85c2876142a764e5b7548e7d9a0e0ddb46f5185161049a79b7e974454223be"},
]

[package.extras]
dev = ["pre-commit", "tox"]
testing = ["pytest", "pytest-benchmark"]

[[package]]
name = "pytest"
version = "8.1.1"
description = "pytest: simple powerful testing with Python"
optional = false
python-versions = ">=3.8"
files = [
    {file = "pytest-8.1.1-py3-none-any.whl", hash = "sha256:2a8386cfc11fa9d2c50ee7b2a57e7d898ef90470a7a34c4b949ff59662bb78b7"},
    {file = "pytest-8.1.1.tar.gz", hash = "sha256:ac978141a75948948817d360297b7aae0fcb9d6ff6bc9ec6d514b85d5a65c044"},
]

[package.dependencies]
colorama = {version = "*", markers = "sys_platform == \"win32\""}
iniconfig = "*"
packaging = "*"
pluggy = ">=1.4,<2.0"

[package.extras]
testing = ["argcomplete", "attrs (>=19.2)", "hypothesis (>=3.56)", "mock", "pygments (>=2.7.2)", "requests", "setuptools", "xmlschema"]

[metadata]
lock-version = "2.0"
python-versions = "^3.11"
content-hash = "e0c3148778bb4be8c9272f06c061739892066f2e75bd4c8786cf2259724e3ffc"
